
Microsoft Visual Studio Solution File, Format Version 12.00
# Visual Studio Version 16
VisualStudioVersion = 16.0.30517.126
MinimumVisualStudioVersion = 10.0.40219.1
Project("{FAE04EC0-301F-11D3-BF4B-00C04F79EFBC}") = "basic-CRUD-app", "basic-CRUD-app\basic-CRUD-app.csproj", "{EBFF6710-C43A-4DA5-93A2-26D4C40E496A}"
EndProject
Global
	GlobalSection(SolutionConfigurationPlatforms) = preSolution
		Debug|Any CPU = Debug|Any CPU
		Release|Any CPU = Release|Any CPU
	EndGlobalSection
	GlobalSection(ProjectConfigurationPlatforms) = postSolution
		{EBFF6710-C43A-4DA5-93A2-26D4C40E496A}.Debug|Any CPU.ActiveCfg = Debug|Any CPU
		{EBFF6710-C43A-4DA5-93A2-26D4C40E496A}.Debug|Any CPU.Build.0 = Debug|Any CPU
		{EBFF6710-C43A-4DA5-93A2-26D4C40E496A}.Release|Any CPU.ActiveCfg = Release|Any CPU
		{EBFF6710-C43A-4DA5-93A2-26D4C40E496A}.Release|Any CPU.Build.0 = Release|Any CPU
	EndGlobalSection
	GlobalSection(SolutionProperties) = preSolution
		HideSolutionNode = FALSE
	EndGlobalSection
	GlobalSection(ExtensibilityGlobals) = postSolution
		SolutionGuid = {005831EC-44A1-43F1-8270-A304DA847548}
	EndGlobalSection
EndGlobal
